
Microsoft Visual Studio Solution File, Format Version 12.00
# Visual Studio Version 17
VisualStudioVersion = 17.6.33815.320
MinimumVisualStudioVersion = 10.0.40219.1
Project("{FAE04EC0-301F-11D3-BF4B-00C04F79EFBC}") = "PedraPapelTesoura", "PedraPapelTesoura\PedraPapelTesoura.csproj", "{631AECCB-A547-4138-B0A3-6AB1F08FA388}"
EndProject
Global
	GlobalSection(SolutionConfigurationPlatforms) = preSolution
		Debug|Any CPU = Debug|Any CPU
		Release|Any CPU = Release|Any CPU
	EndGlobalSection
	GlobalSection(ProjectConfigurationPlatforms) = postSolution
		{631AECCB-A547-4138-B0A3-6AB1F08FA388}.Debug|Any CPU.ActiveCfg = Debug|Any CPU
		{631AECCB-A547-4138-B0A3-6AB1F08FA388}.Debug|Any CPU.Build.0 = Debug|Any CPU
		{631AECCB-A547-4138-B0A3-6AB1F08FA388}.Release|Any CPU.ActiveCfg = Release|Any CPU
		{631AECCB-A547-4138-B0A3-6AB1F08FA388}.Release|Any CPU.Build.0 = Release|Any CPU
	EndGlobalSection
	GlobalSection(SolutionProperties) = preSolution
		HideSolutionNode = FALSE
	EndGlobalSection
	GlobalSection(ExtensibilityGlobals) = postSolution
		SolutionGuid = {93806ED3-D7BD-4695-A950-06993FBEF2FB}
	EndGlobalSection
EndGlobal
